// !$*UTF8*$!
{
	archiveVersion = 1;
	classes = {
	};
	objectVersion = 50;
	objects = {

/* Begin PBXBuildFile section */
		3287A9122774ACD041019696 /* Pods_FlixTests.framework in Frameworks */ = {isa = PBXBuildFile; fileRef = AB394589991B28B9096FD7AD /* Pods_FlixTests.framework */; };
		A66998882B32662B14C95B54 /* Pods_FlixUITests.framework in Frameworks */ = {isa = PBXBuildFile; fileRef = D6540E0686BE4E49E9106E3B /* Pods_FlixUITests.framework */; };
		CD4B66E62213C2C80033C9FF /* AppDelegate.swift in Sources */ = {isa = PBXBuildFile; fileRef = CD4B66E52213C2C80033C9FF /* AppDelegate.swift */; };
		CD4B66E82213C2C80033C9FF /* MoviesViewController.swift in Sources */ = {isa = PBXBuildFile; fileRef = CD4B66E72213C2C80033C9FF /* MoviesViewController.swift */; };
		CD4B66EB2213C2C80033C9FF /* Main.storyboard in Resources */ = {isa = PBXBuildFile; fileRef = CD4B66E92213C2C80033C9FF /* Main.storyboard */; };
		CD4B66ED2213C2CA0033C9FF /* Assets.xcassets in Resources */ = {isa = PBXBuildFile; fileRef = CD4B66EC2213C2CA0033C9FF /* Assets.xcassets */; };
		CD4B66F02213C2CA0033C9FF /* LaunchScreen.storyboard in Resources */ = {isa = PBXBuildFile; fileRef = CD4B66EE2213C2CA0033C9FF /* LaunchScreen.storyboard */; };
		CD4B66FB2213C2CA0033C9FF /* FlixTests.swift in Sources */ = {isa = PBXBuildFile; fileRef = CD4B66FA2213C2CA0033C9FF /* FlixTests.swift */; };
		CD4B67062213C2CA0033C9FF /* FlixUITests.swift in Sources */ = {isa = PBXBuildFile; fileRef = CD4B67052213C2CA0033C9FF /* FlixUITests.swift */; };
		CD4B67142213D10F0033C9FF /* MovieCell.swift in Sources */ = {isa = PBXBuildFile; fileRef = CD4B67132213D10F0033C9FF /* MovieCell.swift */; };
		F3A761900408FF76657332A7 /* Pods_Flix.framework in Frameworks */ = {isa = PBXBuildFile; fileRef = 26167E6CB93186C2FA3F7DEE /* Pods_Flix.framework */; };
/* End PBXBuildFile section */

/* Begin PBXContainerItemProxy section */
		CD4B66F72213C2CA0033C9FF /* PBXContainerItemProxy */ = {
			isa = PBXContainerItemProxy;
			containerPortal = CD4B66DA2213C2C80033C9FF /* Project object */;
			proxyType = 1;
			remoteGlobalIDString = CD4B66E12213C2C80033C9FF;
			remoteInfo = Flix;
		};
		CD4B67022213C2CA0033C9FF /* PBXContainerItemProxy */ = {
			isa = PBXContainerItemProxy;
			containerPortal = CD4B66DA2213C2C80033C9FF /* Project object */;
			proxyType = 1;
			remoteGlobalIDString = CD4B66E12213C2C80033C9FF;
			remoteInfo = Flix;
		};
/* End PBXContainerItemProxy section */

/* Begin PBXFileReference section */
		073073D424D0BAC7E25FEA3A /* Pods-Flix.release.xcconfig */ = {isa = PBXFileReference; includeInIndex = 1; lastKnownFileType = text.xcconfig; name = "Pods-Flix.release.xcconfig"; path = "Target Support Files/Pods-Flix/Pods-Flix.release.xcconfig"; sourceTree = "<group>"; };
		1C700200655E9A88C07F7A86 /* Pods-Flix.debug.xcconfig */ = {isa = PBXFileReference; includeInIndex = 1; lastKnownFileType = text.xcconfig; name = "Pods-Flix.debug.xcconfig"; path = "Target Support Files/Pods-Flix/Pods-Flix.debug.xcconfig"; sourceTree = "<group>"; };
		26167E6CB93186C2FA3F7DEE /* Pods_Flix.framework */ = {isa = PBXFileReference; explicitFileType = wrapper.framework; includeInIndex = 0; path = Pods_Flix.framework; sourceTree = BUILT_PRODUCTS_DIR; };
		3332798381E386070788F99C /* Pods-FlixUITests.debug.xcconfig */ = {isa = PBXFileReference; includeInIndex = 1; lastKnownFileType = text.xcconfig; name = "Pods-FlixUITests.debug.xcconfig"; path = "Target Support Files/Pods-FlixUITests/Pods-FlixUITests.debug.xcconfig"; sourceTree = "<group>"; };
		70152F00B9BAE6B23EDD7D4D /* Pods-FlixTests.release.xcconfig */ = {isa = PBXFileReference; includeInIndex = 1; lastKnownFileType = text.xcconfig; name = "Pods-FlixTests.release.xcconfig"; path = "Target Support Files/Pods-FlixTests/Pods-FlixTests.release.xcconfig"; sourceTree = "<group>"; };
		77315FC7C14AA49BDEB229B5 /* Pods-FlixUITests.release.xcconfig */ = {isa = PBXFileReference; includeInIndex = 1; lastKnownFileType = text.xcconfig; name = "Pods-FlixUITests.release.xcconfig"; path = "Target Support Files/Pods-FlixUITests/Pods-FlixUITests.release.xcconfig"; sourceTree = "<group>"; };
		AB394589991B28B9096FD7AD /* Pods_FlixTests.framework */ = {isa = PBXFileReference; explicitFileType = wrapper.framework; includeInIndex = 0; path = Pods_FlixTests.framework; sourceTree = BUILT_PRODUCTS_DIR; };
		CD4B66E22213C2C80033C9FF /* Flix.app */ = {isa = PBXFileReference; explicitFileType = wrapper.application; includeInIndex = 0; path = Flix.app; sourceTree = BUILT_PRODUCTS_DIR; };
		CD4B66E52213C2C80033C9FF /* AppDelegate.swift */ = {isa = PBXFileReference; lastKnownFileType = sourcecode.swift; path = AppDelegate.swift; sourceTree = "<group>"; };
		CD4B66E72213C2C80033C9FF /* MoviesViewController.swift */ = {isa = PBXFileReference; lastKnownFileType = sourcecode.swift; path = MoviesViewController.swift; sourceTree = "<group>"; };
		CD4B66EA2213C2C80033C9FF /* Base */ = {isa = PBXFileReference; lastKnownFileType = file.storyboard; name = Base; path = Base.lproj/Main.storyboard; sourceTree = "<group>"; };
		CD4B66EC2213C2CA0033C9FF /* Assets.xcassets */ = {isa = PBXFileReference; lastKnownFileType = folder.assetcatalog; path = Assets.xcassets; sourceTree = "<group>"; };
		CD4B66EF2213C2CA0033C9FF /* Base */ = {isa = PBXFileReference; lastKnownFileType = file.storyboard; name = Base; path = Base.lproj/LaunchScreen.storyboard; sourceTree = "<group>"; };
		CD4B66F12213C2CA0033C9FF /* Info.plist */ = {isa = PBXFileReference; lastKnownFileType = text.plist.xml; path = Info.plist; sourceTree = "<group>"; };
		CD4B66F62213C2CA0033C9FF /* FlixTests.xctest */ = {isa = PBXFileReference; explicitFileType = wrapper.cfbundle; includeInIndex = 0; path = FlixTests.xctest; sourceTree = BUILT_PRODUCTS_DIR; };
		CD4B66FA2213C2CA0033C9FF /* FlixTests.swift */ = {isa = PBXFileReference; lastKnownFileType = sourcecode.swift; path = FlixTests.swift; sourceTree = "<group>"; };
		CD4B66FC2213C2CA0033C9FF /* Info.plist */ = {isa = PBXFileReference; lastKnownFileType = text.plist.xml; path = Info.plist; sourceTree = "<group>"; };
		CD4B67012213C2CA0033C9FF /* FlixUITests.xctest */ = {isa = PBXFileReference; explicitFileType = wrapper.cfbundle; includeInIndex = 0; path = FlixUITests.xctest; sourceTree = BUILT_PRODUCTS_DIR; };
		CD4B67052213C2CA0033C9FF /* FlixUITests.swift */ = {isa = PBXFileReference; lastKnownFileType = sourcecode.swift; path = FlixUITests.swift; sourceTree = "<group>"; };
		CD4B67072213C2CA0033C9FF /* Info.plist */ = {isa = PBXFileReference; lastKnownFileType = text.plist.xml; path = Info.plist; sourceTree = "<group>"; };
		CD4B67132213D10F0033C9FF /* MovieCell.swift */ = {isa = PBXFileReference; lastKnownFileType = sourcecode.swift; path = MovieCell.swift; sourceTree = "<group>"; };
		D6540E0686BE4E49E9106E3B /* Pods_FlixUITests.framework */ = {isa = PBXFileReference; explicitFileType = wrapper.framework; includeInIndex = 0; path = Pods_FlixUITests.framework; sourceTree = BUILT_PRODUCTS_DIR; };
		DD6604A77215FEA99D933ECA /* Pods-FlixTests.debug.xcconfig */ = {isa = PBXFileReference; includeInIndex = 1; lastKnownFileType = text.xcconfig; name = "Pods-FlixTests.debug.xcconfig"; path = "Target Support Files/Pods-FlixTests/Pods-FlixTests.debug.xcconfig"; sourceTree = "<group>"; };
/* End PBXFileReference section */

/* Begin PBXFrameworksBuildPhase section */
		CD4B66DF2213C2C80033C9FF /* Frameworks */ = {
			isa = PBXFrameworksBuildPhase;
			buildActionMask = 2147483647;
			files = (
				F3A761900408FF76657332A7 /* Pods_Flix.framework in Frameworks */,
			);
			runOnlyForDeploymentPostprocessing = 0;
		};
		CD4B66F32213C2CA0033C9FF /* Frameworks */ = {
			isa = PBXFrameworksBuildPhase;
			buildActionMask = 2147483647;
			files = (
				3287A9122774ACD041019696 /* Pods_FlixTests.framework in Frameworks */,
			);
			runOnlyForDeploymentPostprocessing = 0;
		};
		CD4B66FE2213C2CA0033C9FF /* Frameworks */ = {
			isa = PBXFrameworksBuildPhase;
			buildActionMask = 2147483647;
			files = (
				A66998882B32662B14C95B54 /* Pods_FlixUITests.framework in Frameworks */,
			);
			runOnlyForDeploymentPostprocessing = 0;
		};
/* End PBXFrameworksBuildPhase section */

/* Begin PBXGroup section */
		5377F76B2F5F56353891F5F3 /* Pods */ = {
			isa = PBXGroup;
			children = (
				1C700200655E9A88C07F7A86 /* Pods-Flix.debug.xcconfig */,
				073073D424D0BAC7E25FEA3A /* Pods-Flix.release.xcconfig */,
				DD6604A77215FEA99D933ECA /* Pods-FlixTests.debug.xcconfig */,
				70152F00B9BAE6B23EDD7D4D /* Pods-FlixTests.release.xcconfig */,
				3332798381E386070788F99C /* Pods-FlixUITests.debug.xcconfig */,
				77315FC7C14AA49BDEB229B5 /* Pods-FlixUITests.release.xcconfig */,
			);
			name = Pods;
			path = Pods;
			sourceTree = "<group>";
		};
		CD4B66D92213C2C80033C9FF = {
			isa = PBXGroup;
			children = (
				CD4B66E42213C2C80033C9FF /* Flix */,
				CD4B66F92213C2CA0033C9FF /* FlixTests */,
				CD4B67042213C2CA0033C9FF /* FlixUITests */,
				CD4B66E32213C2C80033C9FF /* Products */,
				5377F76B2F5F56353891F5F3 /* Pods */,
				D0BA73640A0729D4B6932975 /* Frameworks */,
			);
			sourceTree = "<group>";
		};
		CD4B66E32213C2C80033C9FF /* Products */ = {
			isa = PBXGroup;
			children = (
				CD4B66E22213C2C80033C9FF /* Flix.app */,
				CD4B66F62213C2CA0033C9FF /* FlixTests.xctest */,
				CD4B67012213C2CA0033C9FF /* FlixUITests.xctest */,
			);
			name = Products;
			sourceTree = "<group>";
		};
		CD4B66E42213C2C80033C9FF /* Flix */ = {
			isa = PBXGroup;
			children = (
				CD4B66E52213C2C80033C9FF /* AppDelegate.swift */,
				CD4B66E72213C2C80033C9FF /* MoviesViewController.swift */,
				CD4B66E92213C2C80033C9FF /* Main.storyboard */,
				CD4B67132213D10F0033C9FF /* MovieCell.swift */,
				CD4B66EC2213C2CA0033C9FF /* Assets.xcassets */,
				CD4B66EE2213C2CA0033C9FF /* LaunchScreen.storyboard */,
				CD4B66F12213C2CA0033C9FF /* Info.plist */,
			);
			path = Flix;
			sourceTree = "<group>";
		};
		CD4B66F92213C2CA0033C9FF /* FlixTests */ = {
			isa = PBXGroup;
			children = (
				CD4B66FA2213C2CA0033C9FF /* FlixTests.swift */,
				CD4B66FC2213C2CA0033C9FF /* Info.plist */,
			);
			path = FlixTests;
			sourceTree = "<group>";
		};
		CD4B67042213C2CA0033C9FF /* FlixUITests */ = {
			isa = PBXGroup;
			children = (
				CD4B67052213C2CA0033C9FF /* FlixUITests.swift */,
				CD4B67072213C2CA0033C9FF /* Info.plist */,
			);
			path = FlixUITests;
			sourceTree = "<group>";
		};
		D0BA73640A0729D4B6932975 /* Frameworks */ = {
			isa = PBXGroup;
			children = (
				26167E6CB93186C2FA3F7DEE /* Pods_Flix.framework */,
				AB394589991B28B9096FD7AD /* Pods_FlixTests.framework */,
				D6540E0686BE4E49E9106E3B /* Pods_FlixUITests.framework */,
			);
			name = Frameworks;
			sourceTree = "<group>";
		};
/* End PBXGroup section */

/* Begin PBXNativeTarget section */
		CD4B66E12213C2C80033C9FF /* Flix */ = {
			isa = PBXNativeTarget;
			buildConfigurationList = CD4B670A2213C2CA0033C9FF /* Build configuration list for PBXNativeTarget "Flix" */;
			buildPhases = (
				7780C40532BACF5436842678 /* [CP] Check Pods Manifest.lock */,
				CD4B66DE2213C2C80033C9FF /* Sources */,
				CD4B66DF2213C2C80033C9FF /* Frameworks */,
				CD4B66E02213C2C80033C9FF /* Resources */,
				39FCE9412B8F80138A2B8D1A /* [CP] Embed Pods Frameworks */,
			);
			buildRules = (
			);
			dependencies = (
			);
			name = Flix;
			productName = Flix;
			productReference = CD4B66E22213C2C80033C9FF /* Flix.app */;
			productType = "com.apple.product-type.application";
		};
		CD4B66F52213C2CA0033C9FF /* FlixTests */ = {
			isa = PBXNativeTarget;
			buildConfigurationList = CD4B670D2213C2CA0033C9FF /* Build configuration list for PBXNativeTarget "FlixTests" */;
			buildPhases = (
				68B5168AA8D11DFA9C791F68 /* [CP] Check Pods Manifest.lock */,
				CD4B66F22213C2CA0033C9FF /* Sources */,
				CD4B66F32213C2CA0033C9FF /* Frameworks */,
				CD4B66F42213C2CA0033C9FF /* Resources */,
			);
			buildRules = (
			);
			dependencies = (
				CD4B66F82213C2CA0033C9FF /* PBXTargetDependency */,
			);
			name = FlixTests;
			productName = FlixTests;
			productReference = CD4B66F62213C2CA0033C9FF /* FlixTests.xctest */;
			productType = "com.apple.product-type.bundle.unit-test";
		};
		CD4B67002213C2CA0033C9FF /* FlixUITests */ = {
			isa = PBXNativeTarget;
			buildConfigurationList = CD4B67102213C2CA0033C9FF /* Build configuration list for PBXNativeTarget "FlixUITests" */;
			buildPhases = (
				909DD520EDB2FD977247D3F2 /* [CP] Check Pods Manifest.lock */,
				CD4B66FD2213C2CA0033C9FF /* Sources */,
				CD4B66FE2213C2CA0033C9FF /* Frameworks */,
				CD4B66FF2213C2CA0033C9FF /* Resources */,
			);
			buildRules = (
			);
			dependencies = (
				CD4B67032213C2CA0033C9FF /* PBXTargetDependency */,
			);
			name = FlixUITests;
			productName = FlixUITests;
			productReference = CD4B67012213C2CA0033C9FF /* FlixUITests.xctest */;
			productType = "com.apple.product-type.bundle.ui-testing";
		};
/* End PBXNativeTarget section */

/* Begin PBXProject section */
		CD4B66DA2213C2C80033C9FF /* Project object */ = {
			isa = PBXProject;
			attributes = {
				LastSwiftUpdateCheck = 1010;
				LastUpgradeCheck = 1010;
				ORGANIZATIONNAME = codepath;
				TargetAttributes = {
					CD4B66E12213C2C80033C9FF = {
						CreatedOnToolsVersion = 10.1;
					};
					CD4B66F52213C2CA0033C9FF = {
						CreatedOnToolsVersion = 10.1;
						TestTargetID = CD4B66E12213C2C80033C9FF;
					};
					CD4B67002213C2CA0033C9FF = {
						CreatedOnToolsVersion = 10.1;
						TestTargetID = CD4B66E12213C2C80033C9FF;
					};
				};
			};
			buildConfigurationList = CD4B66DD2213C2C80033C9FF /* Build configuration list for PBXProject "Flix" */;
			compatibilityVersion = "Xcode 9.3";
			developmentRegion = en;
			hasScannedForEncodings = 0;
			knownRegions = (
				en,
				Base,
			);
			mainGroup = CD4B66D92213C2C80033C9FF;
			productRefGroup = CD4B66E32213C2C80033C9FF /* Products */;
			projectDirPath = "";
			projectRoot = "";
			targets = (
				CD4B66E12213C2C80033C9FF /* Flix */,
				CD4B66F52213C2CA0033C9FF /* FlixTests */,
				CD4B67002213C2CA0033C9FF /* FlixUITests */,
			);
		};
/* End PBXProject section */

/* Begin PBXResourcesBuildPhase section */
		CD4B66E02213C2C80033C9FF /* Resources */ = {
			isa = PBXResourcesBuildPhase;
			buildActionMask = 2147483647;
			files = (
				CD4B66F02213C2CA0033C9FF /* LaunchScreen.storyboard in Resources */,
				CD4B66ED2213C2CA0033C9FF /* Assets.xcassets in Resources */,
				CD4B66EB2213C2C80033C9FF /* Main.storyboard in Resources */,
			);
			runOnlyForDeploymentPostprocessing = 0;
		};
		CD4B66F42213C2CA0033C9FF /* Resources */ = {
			isa = PBXResourcesBuildPhase;
			buildActionMask = 2147483647;
			files = (
			);
			runOnlyForDeploymentPostprocessing = 0;
		};
		CD4B66FF2213C2CA0033C9FF /* Resources */ = {
			isa = PBXResourcesBuildPhase;
			buildActionMask = 2147483647;
			files = (
			);
			runOnlyForDeploymentPostprocessing = 0;
		};
/* End PBXResourcesBuildPhase section */

/* Begin PBXShellScriptBuildPhase section */
		39FCE9412B8F80138A2B8D1A /* [CP] Embed Pods Frameworks */ = {
			isa = PBXShellScriptBuildPhase;
			buildActionMask = 2147483647;
			files = (
			);
			inputFileListPaths = (
			);
			inputPaths = (
				"${PODS_ROOT}/Target Support Files/Pods-Flix/Pods-Flix-frameworks.sh",
				"${BUILT_PRODUCTS_DIR}/Alamofire/Alamofire.framework",
				"${BUILT_PRODUCTS_DIR}/AlamofireImage/AlamofireImage.framework",
			);
			name = "[CP] Embed Pods Frameworks";
			outputFileListPaths = (
			);
			outputPaths = (
				"${TARGET_BUILD_DIR}/${FRAMEWORKS_FOLDER_PATH}/Alamofire.framework",
				"${TARGET_BUILD_DIR}/${FRAMEWORKS_FOLDER_PATH}/AlamofireImage.framework",
			);
			runOnlyForDeploymentPostprocessing = 0;
			shellPath = /bin/sh;
			shellScript = "\"${PODS_ROOT}/Target Support Files/Pods-Flix/Pods-Flix-frameworks.sh\"\n";
			showEnvVarsInLog = 0;
		};
		68B5168AA8D11DFA9C791F68 /* [CP] Check Pods Manifest.lock */ = {
			isa = PBXShellScriptBuildPhase;
			buildActionMask = 2147483647;
			files = (
			);
			inputFileListPaths = (
			);
			inputPaths = (
				"${PODS_PODFILE_DIR_PATH}/Podfile.lock",
				"${PODS_ROOT}/Manifest.lock",
			);
			name = "[CP] Check Pods Manifest.lock";
			outputFileListPaths = (
			);
			outputPaths = (
				"$(DERIVED_FILE_DIR)/Pods-FlixTests-checkManifestLockResult.txt",
			);
			runOnlyForDeploymentPostprocessing = 0;
			shellPath = /bin/sh;
			shellScript = "diff \"${PODS_PODFILE_DIR_PATH}/Podfile.lock\" \"${PODS_ROOT}/Manifest.lock\" > /dev/null\nif [ $? != 0 ] ; then\n    # print error to STDERR\n    echo \"error: The sandbox is not in sync with the Podfile.lock. Run 'pod install' or update your CocoaPods installation.\" >&2\n    exit 1\nfi\n# This output is used by Xcode 'outputs' to avoid re-running this script phase.\necho \"SUCCESS\" > \"${SCRIPT_OUTPUT_FILE_0}\"\n";
			showEnvVarsInLog = 0;
		};
		7780C40532BACF5436842678 /* [CP] Check Pods Manifest.lock */ = {
			isa = PBXShellScriptBuildPhase;
			buildActionMask = 2147483647;
			files = (
			);
			inputFileListPaths = (
			);
			inputPaths = (
				"${PODS_PODFILE_DIR_PATH}/Podfile.lock",
				"${PODS_ROOT}/Manifest.lock",
			);
			name = "[CP] Check Pods Manifest.lock";
			outputFileListPaths = (
			);
			outputPaths = (
				"$(DERIVED_FILE_DIR)/Pods-Flix-checkManifestLockResult.txt",
			);
			runOnlyForDeploymentPostprocessing = 0;
			shellPath = /bin/sh;
			shellScript = "diff \"${PODS_PODFILE_DIR_PATH}/Podfile.lock\" \"${PODS_ROOT}/Manifest.lock\" > /dev/null\nif [ $? != 0 ] ; then\n    # print error to STDERR\n    echo \"error: The sandbox is not in sync with the Podfile.lock. Run 'pod install' or update your CocoaPods installation.\" >&2\n    exit 1\nfi\n# This output is used by Xcode 'outputs' to avoid re-running this script phase.\necho \"SUCCESS\" > \"${SCRIPT_OUTPUT_FILE_0}\"\n";
			showEnvVarsInLog = 0;
		};
		909DD520EDB2FD977247D3F2 /* [CP] Check Pods Manifest.lock */ = {
			isa = PBXShellScriptBuildPhase;
			buildActionMask = 2147483647;
			files = (
			);
			inputFileListPaths = (
			);
			inputPaths = (
				"${PODS_PODFILE_DIR_PATH}/Podfile.lock",
				"${PODS_ROOT}/Manifest.lock",
			);
			name = "[CP] Check Pods Manifest.lock";
			outputFileListPaths = (
			);
			outputPaths = (
				"$(DERIVED_FILE_DIR)/Pods-FlixUITests-checkManifestLockResult.txt",
			);
			runOnlyForDeploymentPostprocessing = 0;
			shellPath = /bin/sh;
			shellScript = "diff \"${PODS_PODFILE_DIR_PATH}/Podfile.lock\" \"${PODS_ROOT}/Manifest.lock\" > /dev/null\nif [ $? != 0 ] ; then\n    # print error to STDERR\n    echo \"error: The sandbox is not in sync with the Podfile.lock. Run 'pod install' or update your CocoaPods installation.\" >&2\n    exit 1\nfi\n# This output is used by Xcode 'outputs' to avoid re-running this script phase.\necho \"SUCCESS\" > \"${SCRIPT_OUTPUT_FILE_0}\"\n";
			showEnvVarsInLog = 0;
		};
/* End PBXShellScriptBuildPhase section */

/* Begin PBXSourcesBuildPhase section */
		CD4B66DE2213C2C80033C9FF /* Sources */ = {
			isa = PBXSourcesBuildPhase;
			buildActionMask = 2147483647;
			files = (
				CD4B66E82213C2C80033C9FF /* MoviesViewController.swift in Sources */,
				CD4B66E62213C2C80033C9FF /* AppDelegate.swift in Sources */,
				CD4B67142213D10F0033C9FF /* MovieCell.swift in Sources */,
			);
			runOnlyForDeploymentPostprocessing = 0;
		};
		CD4B66F22213C2CA0033C9FF /* Sources */ = {
			isa = PBXSourcesBuildPhase;
			buildActionMask = 2147483647;
			files = (
				CD4B66FB2213C2CA0033C9FF /* FlixTests.swift in Sources */,
			);
			runOnlyForDeploymentPostprocessing = 0;
		};
		CD4B66FD2213C2CA0033C9FF /* Sources */ = {
			isa = PBXSourcesBuildPhase;
			buildActionMask = 2147483647;
			files = (
				CD4B67062213C2CA0033C9FF /* FlixUITests.swift in Sources */,
			);
			runOnlyForDeploymentPostprocessing = 0;
		};
/* End PBXSourcesBuildPhase section */

/* Begin PBXTargetDependency section */
		CD4B66F82213C2CA0033C9FF /* PBXTargetDependency */ = {
			isa = PBXTargetDependency;
			target = CD4B66E12213C2C80033C9FF /* Flix */;
			targetProxy = CD4B66F72213C2CA0033C9FF /* PBXContainerItemProxy */;
		};
		CD4B67032213C2CA0033C9FF /* PBXTargetDependency */ = {
			isa = PBXTargetDependency;
			target = CD4B66E12213C2C80033C9FF /* Flix */;
			targetProxy = CD4B67022213C2CA0033C9FF /* PBXContainerItemProxy */;
		};
/* End PBXTargetDependency section */

/* Begin PBXVariantGroup section */
		CD4B66E92213C2C80033C9FF /* Main.storyboard */ = {
			isa = PBXVariantGroup;
			children = (
				CD4B66EA2213C2C80033C9FF /* Base */,
			);
			name = Main.storyboard;
			sourceTree = "<group>";
		};
		CD4B66EE2213C2CA0033C9FF /* LaunchScreen.storyboard */ = {
			isa = PBXVariantGroup;
			children = (
				CD4B66EF2213C2CA0033C9FF /* Base */,
			);
			name = LaunchScreen.storyboard;
			sourceTree = "<group>";
		};
/* End PBXVariantGroup section */

/* Begin XCBuildConfiguration section */
		CD4B67082213C2CA0033C9FF /* Debug */ = {
			isa = XCBuildConfiguration;
			buildSettings = {
				ALWAYS_SEARCH_USER_PATHS = NO;
				CLANG_ANALYZER_NONNULL = YES;
				CLANG_ANALYZER_NUMBER_OBJECT_CONVERSION = YES_AGGRESSIVE;
				CLANG_CXX_LANGUAGE_STANDARD = "gnu++14";
				CLANG_CXX_LIBRARY = "libc++";
				CLANG_ENABLE_MODULES = YES;
				CLANG_ENABLE_OBJC_ARC = YES;
				CLANG_ENABLE_OBJC_WEAK = YES;
				CLANG_WARN_BLOCK_CAPTURE_AUTORELEASING = YES;
				CLANG_WARN_BOOL_CONVERSION = YES;
				CLANG_WARN_COMMA = YES;
				CLANG_WARN_CONSTANT_CONVERSION = YES;
				CLANG_WARN_DEPRECATED_OBJC_IMPLEMENTATIONS = YES;
				CLANG_WARN_DIRECT_OBJC_ISA_USAGE = YES_ERROR;
				CLANG_WARN_DOCUMENTATION_COMMENTS = YES;
				CLANG_WARN_EMPTY_BODY = YES;
				CLANG_WARN_ENUM_CONVERSION = YES;
				CLANG_WARN_INFINITE_RECURSION = YES;
				CLANG_WARN_INT_CONVERSION = YES;
				CLANG_WARN_NON_LITERAL_NULL_CONVERSION = YES;
				CLANG_WARN_OBJC_IMPLICIT_RETAIN_SELF = YES;
				CLANG_WARN_OBJC_LITERAL_CONVERSION = YES;
				CLANG_WARN_OBJC_ROOT_CLASS = YES_ERROR;
				CLANG_WARN_RANGE_LOOP_ANALYSIS = YES;
				CLANG_WARN_STRICT_PROTOTYPES = YES;
				CLANG_WARN_SUSPICIOUS_MOVE = YES;
				CLANG_WARN_UNGUARDED_AVAILABILITY = YES_AGGRESSIVE;
				CLANG_WARN_UNREACHABLE_CODE = YES;
				CLANG_WARN__DUPLICATE_METHOD_MATCH = YES;
				CODE_SIGN_IDENTITY = "iPhone Developer";
				COPY_PHASE_STRIP = NO;
				DEBUG_INFORMATION_FORMAT = dwarf;
				ENABLE_STRICT_OBJC_MSGSEND = YES;
				ENABLE_TESTABILITY = YES;
				GCC_C_LANGUAGE_STANDARD = gnu11;
				GCC_DYNAMIC_NO_PIC = NO;
				GCC_NO_COMMON_BLOCKS = YES;
				GCC_OPTIMIZATION_LEVEL = 0;
				GCC_PREPROCESSOR_DEFINITIONS = (
					"DEBUG=1",
					"$(inherited)",
				);
				GCC_WARN_64_TO_32_BIT_CONVERSION = YES;
				GCC_WARN_ABOUT_RETURN_TYPE = YES_ERROR;
				GCC_WARN_UNDECLARED_SELECTOR = YES;
				GCC_WARN_UNINITIALIZED_AUTOS = YES_AGGRESSIVE;
				GCC_WARN_UNUSED_FUNCTION = YES;
				GCC_WARN_UNUSED_VARIABLE = YES;
				IPHONEOS_DEPLOYMENT_TARGET = 12.1;
				MTL_ENABLE_DEBUG_INFO = INCLUDE_SOURCE;
				MTL_FAST_MATH = YES;
				ONLY_ACTIVE_ARCH = YES;
				SDKROOT = iphoneos;
				SWIFT_ACTIVE_COMPILATION_CONDITIONS = DEBUG;
				SWIFT_OPTIMIZATION_LEVEL = "-Onone";
			};
			name = Debug;
		};
		CD4B67092213C2CA0033C9FF /* Release */ = {
			isa = XCBuildConfiguration;
			buildSettings = {
				ALWAYS_SEARCH_USER_PATHS = NO;
				CLANG_ANALYZER_NONNULL = YES;
				CLANG_ANALYZER_NUMBER_OBJECT_CONVERSION = YES_AGGRESSIVE;
				CLANG_CXX_LANGUAGE_STANDARD = "gnu++14";
				CLANG_CXX_LIBRARY = "libc++";
				CLANG_ENABLE_MODULES = YES;
				CLANG_ENABLE_OBJC_ARC = YES;
				CLANG_ENABLE_OBJC_WEAK = YES;
				CLANG_WARN_BLOCK_CAPTURE_AUTORELEASING = YES;
				CLANG_WARN_BOOL_CONVERSION = YES;
				CLANG_WARN_COMMA = YES;
				CLANG_WARN_CONSTANT_CONVERSION = YES;
				CLANG_WARN_DEPRECATED_OBJC_IMPLEMENTATIONS = YES;
				CLANG_WARN_DIRECT_OBJC_ISA_USAGE = YES_ERROR;
				CLANG_WARN_DOCUMENTATION_COMMENTS = YES;
				CLANG_WARN_EMPTY_BODY = YES;
				CLANG_WARN_ENUM_CONVERSION = YES;
				CLANG_WARN_INFINITE_RECURSION = YES;
				CLANG_WARN_INT_CONVERSION = YES;
				CLANG_WARN_NON_LITERAL_NULL_CONVERSION = YES;
				CLANG_WARN_OBJC_IMPLICIT_RETAIN_SELF = YES;
				CLANG_WARN_OBJC_LITERAL_CONVERSION = YES;
				CLANG_WARN_OBJC_ROOT_CLASS = YES_ERROR;
				CLANG_WARN_RANGE_LOOP_ANALYSIS = YES;
				CLANG_WARN_STRICT_PROTOTYPES = YES;
				CLANG_WARN_SUSPICIOUS_MOVE = YES;
				CLANG_WARN_UNGUARDED_AVAILABILITY = YES_AGGRESSIVE;
				CLANG_WARN_UNREACHABLE_CODE = YES;
				CLANG_WARN__DUPLICATE_METHOD_MATCH = YES;
				CODE_SIGN_IDENTITY = "iPhone Developer";
				COPY_PHASE_STRIP = NO;
				DEBUG_INFORMATION_FORMAT = "dwarf-with-dsym";
				ENABLE_NS_ASSERTIONS = NO;
				ENABLE_STRICT_OBJC_MSGSEND = YES;
				GCC_C_LANGUAGE_STANDARD = gnu11;
				GCC_NO_COMMON_BLOCKS = YES;
				GCC_WARN_64_TO_32_BIT_CONVERSION = YES;
				GCC_WARN_ABOUT_RETURN_TYPE = YES_ERROR;
				GCC_WARN_UNDECLARED_SELECTOR = YES;
				GCC_WARN_UNINITIALIZED_AUTOS = YES_AGGRESSIVE;
				GCC_WARN_UNUSED_FUNCTION = YES;
				GCC_WARN_UNUSED_VARIABLE = YES;
				IPHONEOS_DEPLOYMENT_TARGET = 12.1;
				MTL_ENABLE_DEBUG_INFO = NO;
				MTL_FAST_MATH = YES;
				SDKROOT = iphoneos;
				SWIFT_COMPILATION_MODE = wholemodule;
				SWIFT_OPTIMIZATION_LEVEL = "-O";
				VALIDATE_PRODUCT = YES;
			};
			name = Release;
		};
		CD4B670B2213C2CA0033C9FF /* Debug */ = {
			isa = XCBuildConfiguration;
			baseConfigurationReference = 1C700200655E9A88C07F7A86 /* Pods-Flix.debug.xcconfig */;
			buildSettings = {
				ASSETCATALOG_COMPILER_APPICON_NAME = AppIcon;
				CODE_SIGN_STYLE = Automatic;
				INFOPLIST_FILE = Flix/Info.plist;
				LD_RUNPATH_SEARCH_PATHS = (
					"$(inherited)",
					"@executable_path/Frameworks",
				);
				PRODUCT_BUNDLE_IDENTIFIER = com.codepath.Flix;
				PRODUCT_NAME = "$(TARGET_NAME)";
				SWIFT_VERSION = 4.2;
				TARGETED_DEVICE_FAMILY = "1,2";
			};
			name = Debug;
		};
		CD4B670C2213C2CA0033C9FF /* Release */ = {
			isa = XCBuildConfiguration;
			baseConfigurationReference = 073073D424D0BAC7E25FEA3A /* Pods-Flix.release.xcconfig */;
			buildSettings = {
				ASSETCATALOG_COMPILER_APPICON_NAME = AppIcon;
				CODE_SIGN_STYLE = Automatic;
				INFOPLIST_FILE = Flix/Info.plist;
				LD_RUNPATH_SEARCH_PATHS = (
					"$(inherited)",
					"@executable_path/Frameworks",
				);
				PRODUCT_BUNDLE_IDENTIFIER = com.codepath.Flix;
				PRODUCT_NAME = "$(TARGET_NAME)";
				SWIFT_VERSION = 4.2;
				TARGETED_DEVICE_FAMILY = "1,2";
			};
			name = Release;
		};
		CD4B670E2213C2CA0033C9FF /* Debug */ = {
			isa = XCBuildConfiguration;
			baseConfigurationReference = DD6604A77215FEA99D933ECA /* Pods-FlixTests.debug.xcconfig */;
			buildSettings = {
				ALWAYS_EMBED_SWIFT_STANDARD_LIBRARIES = YES;
				BUNDLE_LOADER = "$(TEST_HOST)";
				CODE_SIGN_STYLE = Automatic;
				INFOPLIST_FILE = FlixTests/Info.plist;
				LD_RUNPATH_SEARCH_PATHS = (
					"$(inherited)",
					"@executable_path/Frameworks",
					"@loader_path/Frameworks",
				);
				PRODUCT_BUNDLE_IDENTIFIER = com.codepath.FlixTests;
				PRODUCT_NAME = "$(TARGET_NAME)";
				SWIFT_VERSION = 4.2;
				TARGETED_DEVICE_FAMILY = "1,2";
				TEST_HOST = "$(BUILT_PRODUCTS_DIR)/Flix.app/Flix";
			};
			name = Debug;
		};
		CD4B670F2213C2CA0033C9FF /* Release */ = {
			isa = XCBuildConfiguration;
			baseConfigurationReference = 70152F00B9BAE6B23EDD7D4D /* Pods-FlixTests.release.xcconfig */;
			buildSettings = {
				ALWAYS_EMBED_SWIFT_STANDARD_LIBRARIES = YES;
				BUNDLE_LOADER = "$(TEST_HOST)";
				CODE_SIGN_STYLE = Automatic;
				INFOPLIST_FILE = FlixTests/Info.plist;
				LD_RUNPATH_SEARCH_PATHS = (
					"$(inherited)",
					"@executable_path/Frameworks",
					"@loader_path/Frameworks",
				);
				PRODUCT_BUNDLE_IDENTIFIER = com.codepath.FlixTests;
				PRODUCT_NAME = "$(TARGET_NAME)";
				SWIFT_VERSION = 4.2;
				TARGETED_DEVICE_FAMILY = "1,2";
				TEST_HOST = "$(BUILT_PRODUCTS_DIR)/Flix.app/Flix";
			};
			name = Release;
		};
		CD4B67112213C2CA0033C9FF /* Debug */ = {
			isa = XCBuildConfiguration;
			baseConfigurationReference = 3332798381E386070788F99C /* Pods-FlixUITests.debug.xcconfig */;
			buildSettings = {
				ALWAYS_EMBED_SWIFT_STANDARD_LIBRARIES = YES;
				CODE_SIGN_STYLE = Automatic;
				INFOPLIST_FILE = FlixUITests/Info.plist;
				LD_RUNPATH_SEARCH_PATHS = (
					"$(inherited)",
					"@executable_path/Frameworks",
					"@loader_path/Frameworks",
				);
				PRODUCT_BUNDLE_IDENTIFIER = com.codepath.FlixUITests;
				PRODUCT_NAME = "$(TARGET_NAME)";
				SWIFT_VERSION = 4.2;
				TARGETED_DEVICE_FAMILY = "1,2";
				TEST_TARGET_NAME = Flix;
			};
			name = Debug;
		};
		CD4B67122213C2CA0033C9FF /* Release */ = {
			isa = XCBuildConfiguration;
			baseConfigurationReference = 77315FC7C14AA49BDEB229B5 /* Pods-FlixUITests.release.xcconfig */;
			buildSettings = {
				ALWAYS_EMBED_SWIFT_STANDARD_LIBRARIES = YES;
				CODE_SIGN_STYLE = Automatic;
				INFOPLIST_FILE = FlixUITests/Info.plist;
				LD_RUNPATH_SEARCH_PATHS = (
					"$(inherited)",
					"@executable_path/Frameworks",
					"@loader_path/Frameworks",
				);
				PRODUCT_BUNDLE_IDENTIFIER = com.codepath.FlixUITests;
				PRODUCT_NAME = "$(TARGET_NAME)";
				SWIFT_VERSION = 4.2;
				TARGETED_DEVICE_FAMILY = "1,2";
				TEST_TARGET_NAME = Flix;
			};
			name = Release;
		};
/* End XCBuildConfiguration section */

/* Begin XCConfigurationList section */
		CD4B66DD2213C2C80033C9FF /* Build configuration list for PBXProject "Flix" */ = {
			isa = XCConfigurationList;
			buildConfigurations = (
				CD4B67082213C2CA0033C9FF /* Debug */,
				CD4B67092213C2CA0033C9FF /* Release */,
			);
			defaultConfigurationIsVisible = 0;
			defaultConfigurationName = Release;
		};
		CD4B670A2213C2CA0033C9FF /* Build configuration list for PBXNativeTarget "Flix" */ = {
			isa = XCConfigurationList;
			buildConfigurations = (
				CD4B670B2213C2CA0033C9FF /* Debug */,
				CD4B670C2213C2CA0033C9FF /* Release */,
			);
			defaultConfigurationIsVisible = 0;
			defaultConfigurationName = Release;
		};
		CD4B670D2213C2CA0033C9FF /* Build configuration list for PBXNativeTarget "FlixTests" */ = {
			isa = XCConfigurationList;
			buildConfigurations = (
				CD4B670E2213C2CA0033C9FF /* Debug */,
				CD4B670F2213C2CA0033C9FF /* Release */,
			);
			defaultConfigurationIsVisible = 0;
			defaultConfigurationName = Release;
		};
		CD4B67102213C2CA0033C9FF /* Build configuration list for PBXNativeTarget "FlixUITests" */ = {
			isa = XCConfigurationList;
			buildConfigurations = (
				CD4B67112213C2CA0033C9FF /* Debug */,
				CD4B67122213C2CA0033C9FF /* Release */,
			);
			defaultConfigurationIsVisible = 0;
			defaultConfigurationName = Release;
		};
/* End XCConfigurationList section */
	};
	rootObject = CD4B66DA2213C2C80033C9FF /* Project object */;
}
